# This file is automatically @generated by Cargo.
# It is not intended for manual editing.
version = 3

[[package]]
name = "surrealism"
version = "0.1.0"

[[package]]
name = "surrealism_all"
version = "0.1.0"

[[package]]
name = "surrealism_tools"
version = "0.1.0"

[[package]]
name = "tests"
version = "0.1.0"
